
Microsoft Visual Studio Solution File, Format Version 12.00
# Visual Studio Version 16
VisualStudioVersion = 16.0.28822.285
MinimumVisualStudioVersion = 10.0.40219.1
Project("{FAE04EC0-301F-11D3-BF4B-00C04F79EFBC}") = "Recursive-Lists", "Recursive-Lists.csproj", "{DA92C93E-F0D0-4259-8263-61569DCAB303}"
EndProject
Project("{FAE04EC0-301F-11D3-BF4B-00C04F79EFBC}") = "Recursive-Lists-Tests", "..\Recursive-Lists-Tests\Recursive-Lists-Tests.csproj", "{371C9592-7F34-4B1F-A735-FB36C82E0123}"
EndProject
Global
	GlobalSection(SolutionConfigurationPlatforms) = preSolution
		Debug|Any CPU = Debug|Any CPU
		Release|Any CPU = Release|Any CPU
	EndGlobalSection
	GlobalSection(ProjectConfigurationPlatforms) = postSolution
		{DA92C93E-F0D0-4259-8263-61569DCAB303}.Debug|Any CPU.ActiveCfg = Debug|Any CPU
		{DA92C93E-F0D0-4259-8263-61569DCAB303}.Debug|Any CPU.Build.0 = Debug|Any CPU
		{DA92C93E-F0D0-4259-8263-61569DCAB303}.Release|Any CPU.ActiveCfg = Release|Any CPU
		{DA92C93E-F0D0-4259-8263-61569DCAB303}.Release|Any CPU.Build.0 = Release|Any CPU
		{371C9592-7F34-4B1F-A735-FB36C82E0123}.Debug|Any CPU.ActiveCfg = Debug|Any CPU
		{371C9592-7F34-4B1F-A735-FB36C82E0123}.Debug|Any CPU.Build.0 = Debug|Any CPU
		{371C9592-7F34-4B1F-A735-FB36C82E0123}.Release|Any CPU.ActiveCfg = Release|Any CPU
		{371C9592-7F34-4B1F-A735-FB36C82E0123}.Release|Any CPU.Build.0 = Release|Any CPU
	EndGlobalSection
	GlobalSection(SolutionProperties) = preSolution
		HideSolutionNode = FALSE
	EndGlobalSection
	GlobalSection(ExtensibilityGlobals) = postSolution
		SolutionGuid = {3EE75DC8-8ADF-4967-AB6A-A59C8F95A819}
	EndGlobalSection
EndGlobal
